PODS:
  - Alamofire (5.4.1)
  - SDWebImage (5.10.0):
    - SDWebImage/Core (= 5.10.0)
  - SDWebImage/Core (5.10.0)
  - SDWebImageSwiftUI (1.5.0):
    - SDWebImage (~> 5.7)

DEPENDENCIES:
  - Alamofire
  - SDWebImageSwiftUI

SPEC REPOS:
  trunk:
    - Alamofire
    - SDWebImage
    - SDWebImageSwiftUI

SPEC CHECKSUMS:
  Alamofire: 2291f7d21ca607c491dd17642e5d40fdcda0e65c
  SDWebImage: 9169792e9eec3e45bba2a0c02f74bf8bd922d1ee
  SDWebImageSwiftUI: 43687ffe232ddd33fe0659498b7ca9884fdd6b35

PODFILE CHECKSUM: 03481e89351018a86eaa945976097ef3ab6c4580

COCOAPODS: 1.9.3
